
Microsoft Visual Studio Solution File, Format Version 12.00
# Visual Studio Version 17
VisualStudioVersion = 17.6.33723.286
MinimumVisualStudioVersion = 10.0.40219.1
Project("{FAE04EC0-301F-11D3-BF4B-00C04F79EFBC}") = "AAMPCRUDD", "AAMPCRUDD\AAMPCRUDD.csproj", "{AE0E3A01-19A3-4762-AA6D-577A90D720EC}"
EndProject
Global
	GlobalSection(SolutionConfigurationPlatforms) = preSolution
		Debug|Any CPU = Debug|Any CPU
		Release|Any CPU = Release|Any CPU
	EndGlobalSection
	GlobalSection(ProjectConfigurationPlatforms) = postSolution
		{AE0E3A01-19A3-4762-AA6D-577A90D720EC}.Debug|Any CPU.ActiveCfg = Debug|Any CPU
		{AE0E3A01-19A3-4762-AA6D-577A90D720EC}.Debug|Any CPU.Build.0 = Debug|Any CPU
		{AE0E3A01-19A3-4762-AA6D-577A90D720EC}.Release|Any CPU.ActiveCfg = Release|Any CPU
		{AE0E3A01-19A3-4762-AA6D-577A90D720EC}.Release|Any CPU.Build.0 = Release|Any CPU
	EndGlobalSection
	GlobalSection(SolutionProperties) = preSolution
		HideSolutionNode = FALSE
	EndGlobalSection
	GlobalSection(ExtensibilityGlobals) = postSolution
		SolutionGuid = {C5D32D4F-7BE3-44C3-8FF3-5435D53DD03B}
	EndGlobalSection
EndGlobal
